{
  "requires": true,
  "lockfileVersion": 1,
  "dependencies": {
    "markdown-it-center-text": {
      "version": "1.0.4",
      "resolved": "https://registry.npmjs.org/markdown-it-center-text/-/markdown-it-center-text-1.0.4.tgz",
      "integrity": "sha512-7AA0gek4FYJ6gWB2kdGNx06k3GrlO97nEMY7uovQ70/6MtfqPznrgnKoWO3V4p36m3RT5GeQIFXqBH9Wr4iL/g=="
    }
  }
}
